
Microsoft Visual Studio Solution File, Format Version 12.00
# Visual Studio 15
VisualStudioVersion = 15.0.27428.2002
MinimumVisualStudioVersion = 10.0.40219.1
Project("{A07B5EB6-E848-4116-A8D0-A826331D98C6}") = "SFProcessorSample", "SFProcessorSample\SFProcessorSample.sfproj", "{77B93189-5A7C-44C7-90D2-0124F49E0571}"
EndProject
Project("{9A19103F-16F7-4668-BE54-9A1E7A4F7556}") = "Stateful1", "Stateful1\Stateful1.csproj", "{EB735890-3EBF-4D4D-9583-E045FCDA6E50}"
EndProject
Project("{2150E333-8FDC-42A3-9474-1A3956D46DE8}") = "Solution Items", "Solution Items", "{1300D1AD-AA43-4BC7-9D25-930F8D3FAE89}"
	ProjectSection(SolutionItems) = preProject
		ProgrammersGuide.md = ProgrammersGuide.md
		Readme.md = Readme.md
	EndProjectSection
EndProject
Global
	GlobalSection(SolutionConfigurationPlatforms) = preSolution
		Debug|Any CPU = Debug|Any CPU
		Debug|x64 = Debug|x64
		Release|Any CPU = Release|Any CPU
		Release|x64 = Release|x64
	EndGlobalSection
	GlobalSection(ProjectConfigurationPlatforms) = postSolution
		{77B93189-5A7C-44C7-90D2-0124F49E0571}.Debug|Any CPU.ActiveCfg = Debug|x64
		{77B93189-5A7C-44C7-90D2-0124F49E0571}.Debug|Any CPU.Build.0 = Debug|x64
		{77B93189-5A7C-44C7-90D2-0124F49E0571}.Debug|Any CPU.Deploy.0 = Debug|x64
		{77B93189-5A7C-44C7-90D2-0124F49E0571}.Debug|x64.ActiveCfg = Debug|x64
		{77B93189-5A7C-44C7-90D2-0124F49E0571}.Debug|x64.Build.0 = Debug|x64
		{77B93189-5A7C-44C7-90D2-0124F49E0571}.Debug|x64.Deploy.0 = Debug|x64
		{77B93189-5A7C-44C7-90D2-0124F49E0571}.Release|Any CPU.ActiveCfg = Release|x64
		{77B93189-5A7C-44C7-90D2-0124F49E0571}.Release|x64.ActiveCfg = Release|x64
		{77B93189-5A7C-44C7-90D2-0124F49E0571}.Release|x64.Build.0 = Release|x64
		{77B93189-5A7C-44C7-90D2-0124F49E0571}.Release|x64.Deploy.0 = Release|x64
		{EB735890-3EBF-4D4D-9583-E045FCDA6E50}.Debug|Any CPU.ActiveCfg = Debug|Any CPU
		{EB735890-3EBF-4D4D-9583-E045FCDA6E50}.Debug|Any CPU.Build.0 = Debug|Any CPU
		{EB735890-3EBF-4D4D-9583-E045FCDA6E50}.Debug|x64.ActiveCfg = Debug|Any CPU
		{EB735890-3EBF-4D4D-9583-E045FCDA6E50}.Debug|x64.Build.0 = Debug|Any CPU
		{EB735890-3EBF-4D4D-9583-E045FCDA6E50}.Release|Any CPU.ActiveCfg = Release|Any CPU
		{EB735890-3EBF-4D4D-9583-E045FCDA6E50}.Release|Any CPU.Build.0 = Release|Any CPU
		{EB735890-3EBF-4D4D-9583-E045FCDA6E50}.Release|x64.ActiveCfg = Release|Any CPU
		{EB735890-3EBF-4D4D-9583-E045FCDA6E50}.Release|x64.Build.0 = Release|Any CPU
	EndGlobalSection
	GlobalSection(SolutionProperties) = preSolution
		HideSolutionNode = FALSE
	EndGlobalSection
	GlobalSection(ExtensibilityGlobals) = postSolution
		SolutionGuid = {6F04B374-45C8-4E47-B762-BFB1599827A4}
	EndGlobalSection
EndGlobal
