
Microsoft Visual Studio Solution File, Format Version 12.00
# Visual Studio Version 17
VisualStudioVersion = 17.1.32407.343
MinimumVisualStudioVersion = 10.0.40219.1
Project("{FAE04EC0-301F-11D3-BF4B-00C04F79EFBC}") = "WindTurbineDataGenerator", "WindTurbineDataGenerator\WindTurbineDataGenerator.csproj", "{0C87A54A-AD21-46D5-8B75-4247DA32237E}"
EndProject
Project("{9A19103F-16F7-4668-BE54-9A1E7A4F7556}") = "FunctionEGDWDumper", "FunctionEGDWDumper\FunctionEGDWDumper.csproj", "{231010C2-FC1F-4393-ABD6-4209523A652B}"
EndProject
Global
	GlobalSection(SolutionConfigurationPlatforms) = preSolution
		Debug|Any CPU = Debug|Any CPU
		Release|Any CPU = Release|Any CPU
	EndGlobalSection
	GlobalSection(ProjectConfigurationPlatforms) = postSolution
		{0C87A54A-AD21-46D5-8B75-4247DA32237E}.Debug|Any CPU.ActiveCfg = Debug|Any CPU
		{0C87A54A-AD21-46D5-8B75-4247DA32237E}.Debug|Any CPU.Build.0 = Debug|Any CPU
		{0C87A54A-AD21-46D5-8B75-4247DA32237E}.Release|Any CPU.ActiveCfg = Release|Any CPU
		{0C87A54A-AD21-46D5-8B75-4247DA32237E}.Release|Any CPU.Build.0 = Release|Any CPU
		{231010C2-FC1F-4393-ABD6-4209523A652B}.Debug|Any CPU.ActiveCfg = Debug|Any CPU
		{231010C2-FC1F-4393-ABD6-4209523A652B}.Debug|Any CPU.Build.0 = Debug|Any CPU
		{231010C2-FC1F-4393-ABD6-4209523A652B}.Release|Any CPU.ActiveCfg = Release|Any CPU
		{231010C2-FC1F-4393-ABD6-4209523A652B}.Release|Any CPU.Build.0 = Release|Any CPU
	EndGlobalSection
	GlobalSection(SolutionProperties) = preSolution
		HideSolutionNode = FALSE
	EndGlobalSection
	GlobalSection(ExtensibilityGlobals) = postSolution
		SolutionGuid = {CABDAC3A-BADD-423D-B33B-983C7CBD0F46}
	EndGlobalSection
EndGlobal
