
Microsoft Visual Studio Solution File, Format Version 12.00
# Visual Studio 14
VisualStudioVersion = 14.0.25420.1
MinimumVisualStudioVersion = 10.0.40219.1
Project("{8BB2217D-0F2D-49D1-97BC-3654ED321F3B}") = "SampleSender", "SampleSender.xproj", "{940BCA4A-B154-4667-8A03-57E6B689866D}"
EndProject
Global
	GlobalSection(SolutionConfigurationPlatforms) = preSolution
		Debug|Any CPU = Debug|Any CPU
		Release|Any CPU = Release|Any CPU
	EndGlobalSection
	GlobalSection(ProjectConfigurationPlatforms) = postSolution
		{940BCA4A-B154-4667-8A03-57E6B689866D}.Debug|Any CPU.ActiveCfg = Debug|Any CPU
		{940BCA4A-B154-4667-8A03-57E6B689866D}.Debug|Any CPU.Build.0 = Debug|Any CPU
		{940BCA4A-B154-4667-8A03-57E6B689866D}.Release|Any CPU.ActiveCfg = Release|Any CPU
		{940BCA4A-B154-4667-8A03-57E6B689866D}.Release|Any CPU.Build.0 = Release|Any CPU
	EndGlobalSection
	GlobalSection(SolutionProperties) = preSolution
		HideSolutionNode = FALSE
	EndGlobalSection
EndGlobal
