<?xml version="1.0" encoding="utf-8"?>
<Project ToolsVersion="4.0" xmlns="http://schemas.microsoft.com/developer/msbuild/2003">
  <ItemGroup>
    <ClCompile Include="main.c" />
    <ClCompile Include="..\..\..\testtools\eventhub_test\src\eventhub_account.c">
      <Filter>Source Files</Filter>
    </ClCompile>
    <ClCompile Include="..\..\..\testtools\eventhub_test\src\eventhub_testclient.c">
      <Filter>Source Files</Filter>
    </ClCompile>
    <ClCompile Include="eventhubclient_e2etests.cpp">
      <Filter>Source Files</Filter>
    </ClCompile>
  </ItemGroup>
  <ItemGroup>
    <ClInclude Include="..\..\..\testtools\eventhub_test\inc\eventhub_account.h">
      <Filter>Header Files</Filter>
    </ClInclude>
    <ClInclude Include="..\..\..\testtools\eventhub_test\inc\eventhub_testclient.h">
      <Filter>Header Files</Filter>
    </ClInclude>
  </ItemGroup>
  <ItemGroup>
    <None Include="makefile.linux">
      <Filter>Other Build Files</Filter>
    </None>
    <None Include="sources">
      <Filter>Other Build Files</Filter>
    </None>
    <None Include="sources.ce800">
      <Filter>Other Build Files</Filter>
    </None>
  </ItemGroup>
  <ItemGroup>
    <Filter Include="Header Files">
      <UniqueIdentifier>{61b70d7a-3590-42cf-8706-4d09dfc0aacb}</UniqueIdentifier>
    </Filter>
    <Filter Include="Source Files">
      <UniqueIdentifier>{d8a05952-2d0d-41fd-a10c-33b99be81cfc}</UniqueIdentifier>
    </Filter>
    <Filter Include="Other Build Files">
      <UniqueIdentifier>{f68b5f6c-158d-45ec-a797-8374e7351908}</UniqueIdentifier>
    </Filter>
  </ItemGroup>
</Project>